
Microsoft Visual Studio Solution File, Format Version 12.00
# Visual Studio Version 16
VisualStudioVersion = 16.0.30011.22
MinimumVisualStudioVersion = 10.0.40219.1
Project("{FAE04EC0-301F-11D3-BF4B-00C04F79EFBC}") = "RPG", "RPG\RPG.csproj", "{4DE668F0-9E98-444A-8B96-B50AE3888DDF}"
EndProject
Global
	GlobalSection(SolutionConfigurationPlatforms) = preSolution
		Debug|Any CPU = Debug|Any CPU
		Release|Any CPU = Release|Any CPU
	EndGlobalSection
	GlobalSection(ProjectConfigurationPlatforms) = postSolution
		{4DE668F0-9E98-444A-8B96-B50AE3888DDF}.Debug|Any CPU.ActiveCfg = Debug|Any CPU
		{4DE668F0-9E98-444A-8B96-B50AE3888DDF}.Debug|Any CPU.Build.0 = Debug|Any CPU
		{4DE668F0-9E98-444A-8B96-B50AE3888DDF}.Release|Any CPU.ActiveCfg = Release|Any CPU
		{4DE668F0-9E98-444A-8B96-B50AE3888DDF}.Release|Any CPU.Build.0 = Release|Any CPU
	EndGlobalSection
	GlobalSection(SolutionProperties) = preSolution
		HideSolutionNode = FALSE
	EndGlobalSection
	GlobalSection(ExtensibilityGlobals) = postSolution
		SolutionGuid = {53EDD885-B95A-4DC1-9C9D-4C930E30CC29}
	EndGlobalSection
EndGlobal
